
Microsoft Visual Studio Solution File, Format Version 12.00
Project("{FAE04EC0-301F-11D3-BF4B-00C04F79EFBC}") = "FlappyBird", "FlappyBird.csproj", "{0C0E77DD-CDF7-4FBC-BCBB-94A92F1EE447}"
EndProject
Global
	GlobalSection(SolutionConfigurationPlatforms) = preSolution
		Debug|Any CPU = Debug|Any CPU
		Release|Any CPU = Release|Any CPU
	EndGlobalSection
	GlobalSection(ProjectConfigurationPlatforms) = postSolution
		{0C0E77DD-CDF7-4FBC-BCBB-94A92F1EE447}.Debug|Any CPU.ActiveCfg = Debug|Any CPU
		{0C0E77DD-CDF7-4FBC-BCBB-94A92F1EE447}.Debug|Any CPU.Build.0 = Debug|Any CPU
		{0C0E77DD-CDF7-4FBC-BCBB-94A92F1EE447}.Release|Any CPU.ActiveCfg = Release|Any CPU
		{0C0E77DD-CDF7-4FBC-BCBB-94A92F1EE447}.Release|Any CPU.Build.0 = Release|Any CPU
	EndGlobalSection
EndGlobal
